
Microsoft Visual Studio Solution File, Format Version 12.00
# Visual Studio 15
VisualStudioVersion = 15.0.26124.0
MinimumVisualStudioVersion = 15.0.26124.0
Project("{FAE04EC0-301F-11D3-BF4B-00C04F79EFBC}") = "Demo.Publisher", "Demo.Publisher\Demo.Publisher.csproj", "{21B66712-B035-41B9-B371-ED09AA64857A}"
EndProject
Project("{FAE04EC0-301F-11D3-BF4B-00C04F79EFBC}") = "Shared.Common", "Shared.Common\Shared.Common.csproj", "{2BD99640-7049-4024-BDF6-3EAA5474326A}"
EndProject
Project("{FAE04EC0-301F-11D3-BF4B-00C04F79EFBC}") = "Shared.Console.Common", "Shared.Console.Common\Shared.Console.Common.csproj", "{14F34EDA-A277-4CF7-A054-929BB334845F}"
EndProject
Project("{FAE04EC0-301F-11D3-BF4B-00C04F79EFBC}") = "Demo.Contracts", "Demo.Contracts\Demo.Contracts.csproj", "{5E2DCD67-FBAC-4D1C-B71F-755A6E98D16E}"
EndProject
Project("{FAE04EC0-301F-11D3-BF4B-00C04F79EFBC}") = "Shared.MassTransit", "Shared.MassTransit\Shared.MassTransit.csproj", "{9B9D7705-E57F-4474-9F49-8E51CDF243F5}"
EndProject
Project("{FAE04EC0-301F-11D3-BF4B-00C04F79EFBC}") = "Demo.Workers.User", "Demo.Workers.User\Demo.Workers.User.csproj", "{6404E2DA-7C53-4380-AA84-6898FA11387C}"
EndProject
Global
	GlobalSection(SolutionConfigurationPlatforms) = preSolution
		Debug|Any CPU = Debug|Any CPU
		Debug|x64 = Debug|x64
		Debug|x86 = Debug|x86
		Release|Any CPU = Release|Any CPU
		Release|x64 = Release|x64
		Release|x86 = Release|x86
	EndGlobalSection
	GlobalSection(SolutionProperties) = preSolution
		HideSolutionNode = FALSE
	EndGlobalSection
	GlobalSection(ProjectConfigurationPlatforms) = postSolution
		{21B66712-B035-41B9-B371-ED09AA64857A}.Debug|Any CPU.ActiveCfg = Debug|Any CPU
		{21B66712-B035-41B9-B371-ED09AA64857A}.Debug|Any CPU.Build.0 = Debug|Any CPU
		{21B66712-B035-41B9-B371-ED09AA64857A}.Debug|x64.ActiveCfg = Debug|Any CPU
		{21B66712-B035-41B9-B371-ED09AA64857A}.Debug|x64.Build.0 = Debug|Any CPU
		{21B66712-B035-41B9-B371-ED09AA64857A}.Debug|x86.ActiveCfg = Debug|Any CPU
		{21B66712-B035-41B9-B371-ED09AA64857A}.Debug|x86.Build.0 = Debug|Any CPU
		{21B66712-B035-41B9-B371-ED09AA64857A}.Release|Any CPU.ActiveCfg = Release|Any CPU
		{21B66712-B035-41B9-B371-ED09AA64857A}.Release|Any CPU.Build.0 = Release|Any CPU
		{21B66712-B035-41B9-B371-ED09AA64857A}.Release|x64.ActiveCfg = Release|Any CPU
		{21B66712-B035-41B9-B371-ED09AA64857A}.Release|x64.Build.0 = Release|Any CPU
		{21B66712-B035-41B9-B371-ED09AA64857A}.Release|x86.ActiveCfg = Release|Any CPU
		{21B66712-B035-41B9-B371-ED09AA64857A}.Release|x86.Build.0 = Release|Any CPU
		{2BD99640-7049-4024-BDF6-3EAA5474326A}.Debug|Any CPU.ActiveCfg = Debug|Any CPU
		{2BD99640-7049-4024-BDF6-3EAA5474326A}.Debug|Any CPU.Build.0 = Debug|Any CPU
		{2BD99640-7049-4024-BDF6-3EAA5474326A}.Debug|x64.ActiveCfg = Debug|Any CPU
		{2BD99640-7049-4024-BDF6-3EAA5474326A}.Debug|x64.Build.0 = Debug|Any CPU
		{2BD99640-7049-4024-BDF6-3EAA5474326A}.Debug|x86.ActiveCfg = Debug|Any CPU
		{2BD99640-7049-4024-BDF6-3EAA5474326A}.Debug|x86.Build.0 = Debug|Any CPU
		{2BD99640-7049-4024-BDF6-3EAA5474326A}.Release|Any CPU.ActiveCfg = Release|Any CPU
		{2BD99640-7049-4024-BDF6-3EAA5474326A}.Release|Any CPU.Build.0 = Release|Any CPU
		{2BD99640-7049-4024-BDF6-3EAA5474326A}.Release|x64.ActiveCfg = Release|Any CPU
		{2BD99640-7049-4024-BDF6-3EAA5474326A}.Release|x64.Build.0 = Release|Any CPU
		{2BD99640-7049-4024-BDF6-3EAA5474326A}.Release|x86.ActiveCfg = Release|Any CPU
		{2BD99640-7049-4024-BDF6-3EAA5474326A}.Release|x86.Build.0 = Release|Any CPU
		{14F34EDA-A277-4CF7-A054-929BB334845F}.Debug|Any CPU.ActiveCfg = Debug|Any CPU
		{14F34EDA-A277-4CF7-A054-929BB334845F}.Debug|Any CPU.Build.0 = Debug|Any CPU
		{14F34EDA-A277-4CF7-A054-929BB334845F}.Debug|x64.ActiveCfg = Debug|Any CPU
		{14F34EDA-A277-4CF7-A054-929BB334845F}.Debug|x64.Build.0 = Debug|Any CPU
		{14F34EDA-A277-4CF7-A054-929BB334845F}.Debug|x86.ActiveCfg = Debug|Any CPU
		{14F34EDA-A277-4CF7-A054-929BB334845F}.Debug|x86.Build.0 = Debug|Any CPU
		{14F34EDA-A277-4CF7-A054-929BB334845F}.Release|Any CPU.ActiveCfg = Release|Any CPU
		{14F34EDA-A277-4CF7-A054-929BB334845F}.Release|Any CPU.Build.0 = Release|Any CPU
		{14F34EDA-A277-4CF7-A054-929BB334845F}.Release|x64.ActiveCfg = Release|Any CPU
		{14F34EDA-A277-4CF7-A054-929BB334845F}.Release|x64.Build.0 = Release|Any CPU
		{14F34EDA-A277-4CF7-A054-929BB334845F}.Release|x86.ActiveCfg = Release|Any CPU
		{14F34EDA-A277-4CF7-A054-929BB334845F}.Release|x86.Build.0 = Release|Any CPU
		{5E2DCD67-FBAC-4D1C-B71F-755A6E98D16E}.Debug|Any CPU.ActiveCfg = Debug|Any CPU
		{5E2DCD67-FBAC-4D1C-B71F-755A6E98D16E}.Debug|Any CPU.Build.0 = Debug|Any CPU
		{5E2DCD67-FBAC-4D1C-B71F-755A6E98D16E}.Debug|x64.ActiveCfg = Debug|Any CPU
		{5E2DCD67-FBAC-4D1C-B71F-755A6E98D16E}.Debug|x64.Build.0 = Debug|Any CPU
		{5E2DCD67-FBAC-4D1C-B71F-755A6E98D16E}.Debug|x86.ActiveCfg = Debug|Any CPU
		{5E2DCD67-FBAC-4D1C-B71F-755A6E98D16E}.Debug|x86.Build.0 = Debug|Any CPU
		{5E2DCD67-FBAC-4D1C-B71F-755A6E98D16E}.Release|Any CPU.ActiveCfg = Release|Any CPU
		{5E2DCD67-FBAC-4D1C-B71F-755A6E98D16E}.Release|Any CPU.Build.0 = Release|Any CPU
		{5E2DCD67-FBAC-4D1C-B71F-755A6E98D16E}.Release|x64.ActiveCfg = Release|Any CPU
		{5E2DCD67-FBAC-4D1C-B71F-755A6E98D16E}.Release|x64.Build.0 = Release|Any CPU
		{5E2DCD67-FBAC-4D1C-B71F-755A6E98D16E}.Release|x86.ActiveCfg = Release|Any CPU
		{5E2DCD67-FBAC-4D1C-B71F-755A6E98D16E}.Release|x86.Build.0 = Release|Any CPU
		{9B9D7705-E57F-4474-9F49-8E51CDF243F5}.Debug|Any CPU.ActiveCfg = Debug|Any CPU
		{9B9D7705-E57F-4474-9F49-8E51CDF243F5}.Debug|Any CPU.Build.0 = Debug|Any CPU
		{9B9D7705-E57F-4474-9F49-8E51CDF243F5}.Debug|x64.ActiveCfg = Debug|Any CPU
		{9B9D7705-E57F-4474-9F49-8E51CDF243F5}.Debug|x64.Build.0 = Debug|Any CPU
		{9B9D7705-E57F-4474-9F49-8E51CDF243F5}.Debug|x86.ActiveCfg = Debug|Any CPU
		{9B9D7705-E57F-4474-9F49-8E51CDF243F5}.Debug|x86.Build.0 = Debug|Any CPU
		{9B9D7705-E57F-4474-9F49-8E51CDF243F5}.Release|Any CPU.ActiveCfg = Release|Any CPU
		{9B9D7705-E57F-4474-9F49-8E51CDF243F5}.Release|Any CPU.Build.0 = Release|Any CPU
		{9B9D7705-E57F-4474-9F49-8E51CDF243F5}.Release|x64.ActiveCfg = Release|Any CPU
		{9B9D7705-E57F-4474-9F49-8E51CDF243F5}.Release|x64.Build.0 = Release|Any CPU
		{9B9D7705-E57F-4474-9F49-8E51CDF243F5}.Release|x86.ActiveCfg = Release|Any CPU
		{9B9D7705-E57F-4474-9F49-8E51CDF243F5}.Release|x86.Build.0 = Release|Any CPU
		{6404E2DA-7C53-4380-AA84-6898FA11387C}.Debug|Any CPU.ActiveCfg = Debug|Any CPU
		{6404E2DA-7C53-4380-AA84-6898FA11387C}.Debug|Any CPU.Build.0 = Debug|Any CPU
		{6404E2DA-7C53-4380-AA84-6898FA11387C}.Debug|x64.ActiveCfg = Debug|Any CPU
		{6404E2DA-7C53-4380-AA84-6898FA11387C}.Debug|x64.Build.0 = Debug|Any CPU
		{6404E2DA-7C53-4380-AA84-6898FA11387C}.Debug|x86.ActiveCfg = Debug|Any CPU
		{6404E2DA-7C53-4380-AA84-6898FA11387C}.Debug|x86.Build.0 = Debug|Any CPU
		{6404E2DA-7C53-4380-AA84-6898FA11387C}.Release|Any CPU.ActiveCfg = Release|Any CPU
		{6404E2DA-7C53-4380-AA84-6898FA11387C}.Release|Any CPU.Build.0 = Release|Any CPU
		{6404E2DA-7C53-4380-AA84-6898FA11387C}.Release|x64.ActiveCfg = Release|Any CPU
		{6404E2DA-7C53-4380-AA84-6898FA11387C}.Release|x64.Build.0 = Release|Any CPU
		{6404E2DA-7C53-4380-AA84-6898FA11387C}.Release|x86.ActiveCfg = Release|Any CPU
		{6404E2DA-7C53-4380-AA84-6898FA11387C}.Release|x86.Build.0 = Release|Any CPU
	EndGlobalSection
EndGlobal
